
Microsoft Visual Studio Solution File, Format Version 12.00
# Visual Studio Version 17
VisualStudioVersion = 17.6.33801.468
MinimumVisualStudioVersion = 10.0.40219.1
Project("{FAE04EC0-301F-11D3-BF4B-00C04F79EFBC}") = "AbstractClasses", "AbstractClasses\AbstractClasses.csproj", "{B19E8071-61F8-43EB-9466-0D467A53CDF9}"
EndProject
Global
	GlobalSection(SolutionConfigurationPlatforms) = preSolution
		Debug|Any CPU = Debug|Any CPU
		Release|Any CPU = Release|Any CPU
	EndGlobalSection
	GlobalSection(ProjectConfigurationPlatforms) = postSolution
		{B19E8071-61F8-43EB-9466-0D467A53CDF9}.Debug|Any CPU.ActiveCfg = Debug|Any CPU
		{B19E8071-61F8-43EB-9466-0D467A53CDF9}.Debug|Any CPU.Build.0 = Debug|Any CPU
		{B19E8071-61F8-43EB-9466-0D467A53CDF9}.Release|Any CPU.ActiveCfg = Release|Any CPU
		{B19E8071-61F8-43EB-9466-0D467A53CDF9}.Release|Any CPU.Build.0 = Release|Any CPU
	EndGlobalSection
	GlobalSection(SolutionProperties) = preSolution
		HideSolutionNode = FALSE
	EndGlobalSection
	GlobalSection(ExtensibilityGlobals) = postSolution
		SolutionGuid = {4A9A3FB9-81DD-40B1-9467-8F64700E6CCC}
	EndGlobalSection
EndGlobal
