
Microsoft Visual Studio Solution File, Format Version 12.00
# Visual Studio Version 17
VisualStudioVersion = 17.6.33801.468
MinimumVisualStudioVersion = 10.0.40219.1
Project("{FAE04EC0-301F-11D3-BF4B-00C04F79EFBC}") = "Constructors", "Constructors\Constructors.csproj", "{0CD855F3-A0AE-4F99-A180-64AAAB2B3997}"
EndProject
Global
	GlobalSection(SolutionConfigurationPlatforms) = preSolution
		Debug|Any CPU = Debug|Any CPU
		Release|Any CPU = Release|Any CPU
	EndGlobalSection
	GlobalSection(ProjectConfigurationPlatforms) = postSolution
		{0CD855F3-A0AE-4F99-A180-64AAAB2B3997}.Debug|Any CPU.ActiveCfg = Debug|Any CPU
		{0CD855F3-A0AE-4F99-A180-64AAAB2B3997}.Debug|Any CPU.Build.0 = Debug|Any CPU
		{0CD855F3-A0AE-4F99-A180-64AAAB2B3997}.Release|Any CPU.ActiveCfg = Release|Any CPU
		{0CD855F3-A0AE-4F99-A180-64AAAB2B3997}.Release|Any CPU.Build.0 = Release|Any CPU
	EndGlobalSection
	GlobalSection(SolutionProperties) = preSolution
		HideSolutionNode = FALSE
	EndGlobalSection
	GlobalSection(ExtensibilityGlobals) = postSolution
		SolutionGuid = {478BCF15-76D9-4488-BEA5-2DF5716FDDAC}
	EndGlobalSection
EndGlobal
