
Microsoft Visual Studio Solution File, Format Version 12.00
# Visual Studio Version 17
VisualStudioVersion = 17.6.33801.468
MinimumVisualStudioVersion = 10.0.40219.1
Project("{FAE04EC0-301F-11D3-BF4B-00C04F79EFBC}") = "Testability", "Testability\Testability.csproj", "{E6045097-84A6-4CE0-952B-AC65E5881856}"
EndProject
Project("{FAE04EC0-301F-11D3-BF4B-00C04F79EFBC}") = "Testability.UnitTests", "Testability.UnitTests\Testability.UnitTests.csproj", "{EBE6486A-1E6A-4CD6-A114-09D55766473A}"
EndProject
Global
	GlobalSection(SolutionConfigurationPlatforms) = preSolution
		Debug|Any CPU = Debug|Any CPU
		Release|Any CPU = Release|Any CPU
	EndGlobalSection
	GlobalSection(ProjectConfigurationPlatforms) = postSolution
		{E6045097-84A6-4CE0-952B-AC65E5881856}.Debug|Any CPU.ActiveCfg = Debug|Any CPU
		{E6045097-84A6-4CE0-952B-AC65E5881856}.Debug|Any CPU.Build.0 = Debug|Any CPU
		{E6045097-84A6-4CE0-952B-AC65E5881856}.Release|Any CPU.ActiveCfg = Release|Any CPU
		{E6045097-84A6-4CE0-952B-AC65E5881856}.Release|Any CPU.Build.0 = Release|Any CPU
		{EBE6486A-1E6A-4CD6-A114-09D55766473A}.Debug|Any CPU.ActiveCfg = Debug|Any CPU
		{EBE6486A-1E6A-4CD6-A114-09D55766473A}.Debug|Any CPU.Build.0 = Debug|Any CPU
		{EBE6486A-1E6A-4CD6-A114-09D55766473A}.Release|Any CPU.ActiveCfg = Release|Any CPU
		{EBE6486A-1E6A-4CD6-A114-09D55766473A}.Release|Any CPU.Build.0 = Release|Any CPU
	EndGlobalSection
	GlobalSection(SolutionProperties) = preSolution
		HideSolutionNode = FALSE
	EndGlobalSection
	GlobalSection(ExtensibilityGlobals) = postSolution
		SolutionGuid = {4A1B3FEF-AC26-4225-AA19-004189D0365F}
	EndGlobalSection
EndGlobal
